// !$*UTF8*$!
{
	archiveVersion = 1;
	classes = {
	};
	objectVersion = 48;
	objects = {

/* Begin PBXBuildFile section */
		250C19AE1FB3D1CB00193057 /* ResponsableVerTicketsViewController.swift in Sources */ = {isa = PBXBuildFile; fileRef = 250C19AD1FB3D1CB00193057 /* ResponsableVerTicketsViewController.swift */; };
		2520ACAD1FBA15B000F4F08C /* ResponsableResponderTicketViewController.swift in Sources */ = {isa = PBXBuildFile; fileRef = 2520ACAC1FBA15B000F4F08C /* ResponsableResponderTicketViewController.swift */; };
		2520ACB51FBA79E100F4F08C /* ResponsablePerfilViewController.swift in Sources */ = {isa = PBXBuildFile; fileRef = 2520ACB41FBA79E100F4F08C /* ResponsablePerfilViewController.swift */; };
		253CAB3F1FB136FE00A11B2A /* BibliotecarioPerfilViewController.swift in Sources */ = {isa = PBXBuildFile; fileRef = 253CAB3E1FB136FE00A11B2A /* BibliotecarioPerfilViewController.swift */; };
		254B3A031FA7E3B000B8E965 /* UniverVerTicketsViewController.swift in Sources */ = {isa = PBXBuildFile; fileRef = 254B3A021FA7E3B000B8E965 /* UniverVerTicketsViewController.swift */; };
		254B3A061FA8002800B8E965 /* UniverComentarTicketsViewController.swift in Sources */ = {isa = PBXBuildFile; fileRef = 254B3A051FA8002800B8E965 /* UniverComentarTicketsViewController.swift */; };
		256BFD8B1F9176E300D060B4 /* AppDelegate.swift in Sources */ = {isa = PBXBuildFile; fileRef = 256BFD8A1F9176E300D060B4 /* AppDelegate.swift */; };
		256BFD901F9176E300D060B4 /* Main.storyboard in Resources */ = {isa = PBXBuildFile; fileRef = 256BFD8E1F9176E300D060B4 /* Main.storyboard */; };
		256BFD921F9176E300D060B4 /* Assets.xcassets in Resources */ = {isa = PBXBuildFile; fileRef = 256BFD911F9176E300D060B4 /* Assets.xcassets */; };
		256BFD951F9176E300D060B4 /* LaunchScreen.storyboard in Resources */ = {isa = PBXBuildFile; fileRef = 256BFD931F9176E300D060B4 /* LaunchScreen.storyboard */; };
		256BFDA01F9176E300D060B4 /* ReBUC_RamsesTests.swift in Sources */ = {isa = PBXBuildFile; fileRef = 256BFD9F1F9176E300D060B4 /* ReBUC_RamsesTests.swift */; };
		256BFDAB1F9176E300D060B4 /* ReBUC_RamsesUITests.swift in Sources */ = {isa = PBXBuildFile; fileRef = 256BFDAA1F9176E300D060B4 /* ReBUC_RamsesUITests.swift */; };
		257D1F901FABE42B00F215B8 /* BibliotecarioVerTicketsViewController.swift in Sources */ = {isa = PBXBuildFile; fileRef = 257D1F8F1FABE42B00F215B8 /* BibliotecarioVerTicketsViewController.swift */; };
		257D1F9A1FABFC1200F215B8 /* BibliotecarioResponderTicketViewController.swift in Sources */ = {isa = PBXBuildFile; fileRef = 257D1F991FABFC1200F215B8 /* BibliotecarioResponderTicketViewController.swift */; };
		2587E3451F9EA8AD0013328C /* UniverCrearTicketsViewController.swift in Sources */ = {isa = PBXBuildFile; fileRef = 2587E3441F9EA8AD0013328C /* UniverCrearTicketsViewController.swift */; };
		2587E34F1F9EC62E0013328C /* UniverPerfilViewController.swift in Sources */ = {isa = PBXBuildFile; fileRef = 2587E34E1F9EC62E0013328C /* UniverPerfilViewController.swift */; };
		25B8A7EB1FBCA47F004D254C /* ResponsableUsuariosViewController.swift in Sources */ = {isa = PBXBuildFile; fileRef = 25B8A7EA1FBCA47F004D254C /* ResponsableUsuariosViewController.swift */; };
		25B8A7F31FBCD04B004D254C /* AdministradorVerTicketsViewController.swift in Sources */ = {isa = PBXBuildFile; fileRef = 25B8A7F21FBCD04B004D254C /* AdministradorVerTicketsViewController.swift */; };
		25B8A7F61FBCD65D004D254C /* AdministradorResponderTicketViewController.swift in Sources */ = {isa = PBXBuildFile; fileRef = 25B8A7F51FBCD65D004D254C /* AdministradorResponderTicketViewController.swift */; };
		25B8A7F81FBD0352004D254C /* AdministradorUsuariosViewController.swift in Sources */ = {isa = PBXBuildFile; fileRef = 25B8A7F71FBD0352004D254C /* AdministradorUsuariosViewController.swift */; };
		25B8A7FA1FBD0BBE004D254C /* AdministradorPerfilViewController.swift in Sources */ = {isa = PBXBuildFile; fileRef = 25B8A7F91FBD0BBE004D254C /* AdministradorPerfilViewController.swift */; };
		25BA71471F97D5470023BED8 /* SQLite.framework in Frameworks */ = {isa = PBXBuildFile; fileRef = 25BA71391F97D53A0023BED8 /* SQLite.framework */; };
		25BA71481F97D54B0023BED8 /* SQLite.framework in Frameworks */ = {isa = PBXBuildFile; fileRef = 25BA71391F97D53A0023BED8 /* SQLite.framework */; };
		25BA71491F97D54B0023BED8 /* SQLite.framework in Embed Frameworks */ = {isa = PBXBuildFile; fileRef = 25BA71391F97D53A0023BED8 /* SQLite.framework */; settings = {ATTRIBUTES = (CodeSignOnCopy, RemoveHeadersOnCopy, ); }; };
		25BA714E1F97D7790023BED8 /* InicioDeSesionViewController.swift in Sources */ = {isa = PBXBuildFile; fileRef = 25BA714D1F97D7790023BED8 /* InicioDeSesionViewController.swift */; };
		25BA71501F9804570023BED8 /* RegistroViewController.swift in Sources */ = {isa = PBXBuildFile; fileRef = 25BA714F1F9804570023BED8 /* RegistroViewController.swift */; };
/* End PBXBuildFile section */

/* Begin PBXContainerItemProxy section */
		256BFD9C1F9176E300D060B4 /* PBXContainerItemProxy */ = {
			isa = PBXContainerItemProxy;
			containerPortal = 256BFD7F1F9176E200D060B4 /* Project object */;
			proxyType = 1;
			remoteGlobalIDString = 256BFD861F9176E200D060B4;
			remoteInfo = "ReBUC Ramses";
		};
		256BFDA71F9176E300D060B4 /* PBXContainerItemProxy */ = {
			isa = PBXContainerItemProxy;
			containerPortal = 256BFD7F1F9176E200D060B4 /* Project object */;
			proxyType = 1;
			remoteGlobalIDString = 256BFD861F9176E200D060B4;
			remoteInfo = "ReBUC Ramses";
		};
		25BA71381F97D53A0023BED8 /* PBXContainerItemProxy */ = {
			isa = PBXContainerItemProxy;
			containerPortal = 25BA712E1F97D53A0023BED8 /* SQLite.xcodeproj */;
			proxyType = 2;
			remoteGlobalIDString = EE247AD31C3F04ED00AE3E12;
			remoteInfo = "SQLite iOS";
		};
		25BA713A1F97D53A0023BED8 /* PBXContainerItemProxy */ = {
			isa = PBXContainerItemProxy;
			containerPortal = 25BA712E1F97D53A0023BED8 /* SQLite.xcodeproj */;
			proxyType = 2;
			remoteGlobalIDString = EE247ADD1C3F04ED00AE3E12;
			remoteInfo = "SQLiteTests iOS";
		};
		25BA713C1F97D53A0023BED8 /* PBXContainerItemProxy */ = {
			isa = PBXContainerItemProxy;
			containerPortal = 25BA712E1F97D53A0023BED8 /* SQLite.xcodeproj */;
			proxyType = 2;
			remoteGlobalIDString = EE247B3C1C3F3ED000AE3E12;
			remoteInfo = "SQLite Mac";
		};
		25BA713E1F97D53A0023BED8 /* PBXContainerItemProxy */ = {
			isa = PBXContainerItemProxy;
			containerPortal = 25BA712E1F97D53A0023BED8 /* SQLite.xcodeproj */;
			proxyType = 2;
			remoteGlobalIDString = EE247B451C3F3ED000AE3E12;
			remoteInfo = "SQLiteTests Mac";
		};
		25BA71401F97D53A0023BED8 /* PBXContainerItemProxy */ = {
			isa = PBXContainerItemProxy;
			containerPortal = 25BA712E1F97D53A0023BED8 /* SQLite.xcodeproj */;
			proxyType = 2;
			remoteGlobalIDString = 03A65E5A1C6BB0F50062603F;
			remoteInfo = "SQLite tvOS";
		};
		25BA71421F97D53A0023BED8 /* PBXContainerItemProxy */ = {
			isa = PBXContainerItemProxy;
			containerPortal = 25BA712E1F97D53A0023BED8 /* SQLite.xcodeproj */;
			proxyType = 2;
			remoteGlobalIDString = 03A65E631C6BB0F60062603F;
			remoteInfo = "SQLiteTests tvOS";
		};
		25BA71441F97D53A0023BED8 /* PBXContainerItemProxy */ = {
			isa = PBXContainerItemProxy;
			containerPortal = 25BA712E1F97D53A0023BED8 /* SQLite.xcodeproj */;
			proxyType = 2;
			remoteGlobalIDString = A121AC451CA35C79005A31D1;
			remoteInfo = "SQLite watchOS";
		};
		25BA714A1F97D54B0023BED8 /* PBXContainerItemProxy */ = {
			isa = PBXContainerItemProxy;
			containerPortal = 25BA712E1F97D53A0023BED8 /* SQLite.xcodeproj */;
			proxyType = 1;
			remoteGlobalIDString = EE247AD21C3F04ED00AE3E12;
			remoteInfo = "SQLite iOS";
		};
/* End PBXContainerItemProxy section */

/* Begin PBXCopyFilesBuildPhase section */
		25BA714C1F97D54B0023BED8 /* Embed Frameworks */ = {
			isa = PBXCopyFilesBuildPhase;
			buildActionMask = 2147483647;
			dstPath = "";
			dstSubfolderSpec = 10;
			files = (
				25BA71491F97D54B0023BED8 /* SQLite.framework in Embed Frameworks */,
			);
			name = "Embed Frameworks";
			runOnlyForDeploymentPostprocessing = 0;
		};
/* End PBXCopyFilesBuildPhase section */

/* Begin PBXFileReference section */
		250C19AD1FB3D1CB00193057 /* ResponsableVerTicketsViewController.swift */ = {isa = PBXFileReference; lastKnownFileType = sourcecode.swift; path = ResponsableVerTicketsViewController.swift; sourceTree = "<group>"; };
		2520ACAC1FBA15B000F4F08C /* ResponsableResponderTicketViewController.swift */ = {isa = PBXFileReference; lastKnownFileType = sourcecode.swift; path = ResponsableResponderTicketViewController.swift; sourceTree = "<group>"; };
		2520ACB41FBA79E100F4F08C /* ResponsablePerfilViewController.swift */ = {isa = PBXFileReference; lastKnownFileType = sourcecode.swift; path = ResponsablePerfilViewController.swift; sourceTree = "<group>"; };
		253CAB3E1FB136FE00A11B2A /* BibliotecarioPerfilViewController.swift */ = {isa = PBXFileReference; lastKnownFileType = sourcecode.swift; path = BibliotecarioPerfilViewController.swift; sourceTree = "<group>"; };
		254B3A021FA7E3B000B8E965 /* UniverVerTicketsViewController.swift */ = {isa = PBXFileReference; lastKnownFileType = sourcecode.swift; path = UniverVerTicketsViewController.swift; sourceTree = "<group>"; };
		254B3A051FA8002800B8E965 /* UniverComentarTicketsViewController.swift */ = {isa = PBXFileReference; lastKnownFileType = sourcecode.swift; path = UniverComentarTicketsViewController.swift; sourceTree = "<group>"; };
		256BFD871F9176E300D060B4 /* ReBUC Ramses.app */ = {isa = PBXFileReference; explicitFileType = wrapper.application; includeInIndex = 0; path = "ReBUC Ramses.app"; sourceTree = BUILT_PRODUCTS_DIR; };
		256BFD8A1F9176E300D060B4 /* AppDelegate.swift */ = {isa = PBXFileReference; lastKnownFileType = sourcecode.swift; path = AppDelegate.swift; sourceTree = "<group>"; };
		256BFD8F1F9176E300D060B4 /* Base */ = {isa = PBXFileReference; lastKnownFileType = file.storyboard; name = Base; path = Base.lproj/Main.storyboard; sourceTree = "<group>"; };
		256BFD911F9176E300D060B4 /* Assets.xcassets */ = {isa = PBXFileReference; lastKnownFileType = folder.assetcatalog; path = Assets.xcassets; sourceTree = "<group>"; };
		256BFD941F9176E300D060B4 /* Base */ = {isa = PBXFileReference; lastKnownFileType = file.storyboard; name = Base; path = Base.lproj/LaunchScreen.storyboard; sourceTree = "<group>"; };
		256BFD961F9176E300D060B4 /* Info.plist */ = {isa = PBXFileReference; lastKnownFileType = text.plist.xml; path = Info.plist; sourceTree = "<group>"; };
		256BFD9B1F9176E300D060B4 /* ReBUC RamsesTests.xctest */ = {isa = PBXFileReference; explicitFileType = wrapper.cfbundle; includeInIndex = 0; path = "ReBUC RamsesTests.xctest"; sourceTree = BUILT_PRODUCTS_DIR; };
		256BFD9F1F9176E300D060B4 /* ReBUC_RamsesTests.swift */ = {isa = PBXFileReference; lastKnownFileType = sourcecode.swift; path = ReBUC_RamsesTests.swift; sourceTree = "<group>"; };
		256BFDA11F9176E300D060B4 /* Info.plist */ = {isa = PBXFileReference; lastKnownFileType = text.plist.xml; path = Info.plist; sourceTree = "<group>"; };
		256BFDA61F9176E300D060B4 /* ReBUC RamsesUITests.xctest */ = {isa = PBXFileReference; explicitFileType = wrapper.cfbundle; includeInIndex = 0; path = "ReBUC RamsesUITests.xctest"; sourceTree = BUILT_PRODUCTS_DIR; };
		256BFDAA1F9176E300D060B4 /* ReBUC_RamsesUITests.swift */ = {isa = PBXFileReference; lastKnownFileType = sourcecode.swift; path = ReBUC_RamsesUITests.swift; sourceTree = "<group>"; };
		256BFDAC1F9176E300D060B4 /* Info.plist */ = {isa = PBXFileReference; lastKnownFileType = text.plist.xml; path = Info.plist; sourceTree = "<group>"; };
		257D1F8F1FABE42B00F215B8 /* BibliotecarioVerTicketsViewController.swift */ = {isa = PBXFileReference; lastKnownFileType = sourcecode.swift; path = BibliotecarioVerTicketsViewController.swift; sourceTree = "<group>"; };
		257D1F991FABFC1200F215B8 /* BibliotecarioResponderTicketViewController.swift */ = {isa = PBXFileReference; lastKnownFileType = sourcecode.swift; path = BibliotecarioResponderTicketViewController.swift; sourceTree = "<group>"; };
		2587E3441F9EA8AD0013328C /* UniverCrearTicketsViewController.swift */ = {isa = PBXFileReference; lastKnownFileType = sourcecode.swift; path = UniverCrearTicketsViewController.swift; sourceTree = "<group>"; };
		2587E34E1F9EC62E0013328C /* UniverPerfilViewController.swift */ = {isa = PBXFileReference; lastKnownFileType = sourcecode.swift; path = UniverPerfilViewController.swift; sourceTree = "<group>"; };
		25B8A7EA1FBCA47F004D254C /* ResponsableUsuariosViewController.swift */ = {isa = PBXFileReference; lastKnownFileType = sourcecode.swift; path = ResponsableUsuariosViewController.swift; sourceTree = "<group>"; };
		25B8A7F21FBCD04B004D254C /* AdministradorVerTicketsViewController.swift */ = {isa = PBXFileReference; lastKnownFileType = sourcecode.swift; path = AdministradorVerTicketsViewController.swift; sourceTree = "<group>"; };
		25B8A7F51FBCD65D004D254C /* AdministradorResponderTicketViewController.swift */ = {isa = PBXFileReference; lastKnownFileType = sourcecode.swift; path = AdministradorResponderTicketViewController.swift; sourceTree = "<group>"; };
		25B8A7F71FBD0352004D254C /* AdministradorUsuariosViewController.swift */ = {isa = PBXFileReference; lastKnownFileType = sourcecode.swift; path = AdministradorUsuariosViewController.swift; sourceTree = "<group>"; };
		25B8A7F91FBD0BBE004D254C /* AdministradorPerfilViewController.swift */ = {isa = PBXFileReference; lastKnownFileType = sourcecode.swift; path = AdministradorPerfilViewController.swift; sourceTree = "<group>"; };
		25BA712E1F97D53A0023BED8 /* SQLite.xcodeproj */ = {isa = PBXFileReference; lastKnownFileType = "wrapper.pb-project"; name = SQLite.xcodeproj; path = "SQLite.swift-master/SQLite.xcodeproj"; sourceTree = "<group>"; };
		25BA714D1F97D7790023BED8 /* InicioDeSesionViewController.swift */ = {isa = PBXFileReference; lastKnownFileType = sourcecode.swift; path = InicioDeSesionViewController.swift; sourceTree = "<group>"; };
		25BA714F1F9804570023BED8 /* RegistroViewController.swift */ = {isa = PBXFileReference; lastKnownFileType = sourcecode.swift; path = RegistroViewController.swift; sourceTree = "<group>"; };
/* End PBXFileReference section */

/* Begin PBXFrameworksBuildPhase section */
		256BFD841F9176E200D060B4 /* Frameworks */ = {
			isa = PBXFrameworksBuildPhase;
			buildActionMask = 2147483647;
			files = (
				25BA71481F97D54B0023BED8 /* SQLite.framework in Frameworks */,
				25BA71471F97D5470023BED8 /* SQLite.framework in Frameworks */,
			);
			runOnlyForDeploymentPostprocessing = 0;
		};
		256BFD981F9176E300D060B4 /* Frameworks */ = {
			isa = PBXFrameworksBuildPhase;
			buildActionMask = 2147483647;
			files = (
			);
			runOnlyForDeploymentPostprocessing = 0;
		};
		256BFDA31F9176E300D060B4 /* Frameworks */ = {
			isa = PBXFrameworksBuildPhase;
			buildActionMask = 2147483647;
			files = (
			);
			runOnlyForDeploymentPostprocessing = 0;
		};
/* End PBXFrameworksBuildPhase section */

/* Begin PBXGroup section */
		250C19A21FB3CE7A00193057 /* Universitario */ = {
			isa = PBXGroup;
			children = (
				2587E3441F9EA8AD0013328C /* UniverCrearTicketsViewController.swift */,
				254B3A021FA7E3B000B8E965 /* UniverVerTicketsViewController.swift */,
				254B3A051FA8002800B8E965 /* UniverComentarTicketsViewController.swift */,
				2587E34E1F9EC62E0013328C /* UniverPerfilViewController.swift */,
			);
			path = Universitario;
			sourceTree = "<group>";
		};
		250C19A91FB3CE9800193057 /* Bibliotecario */ = {
			isa = PBXGroup;
			children = (
				257D1F8F1FABE42B00F215B8 /* BibliotecarioVerTicketsViewController.swift */,
				257D1F991FABFC1200F215B8 /* BibliotecarioResponderTicketViewController.swift */,
				253CAB3E1FB136FE00A11B2A /* BibliotecarioPerfilViewController.swift */,
			);
			path = Bibliotecario;
			sourceTree = "<group>";
		};
		250C19AC1FB3D19500193057 /* Responsable */ = {
			isa = PBXGroup;
			children = (
				250C19AD1FB3D1CB00193057 /* ResponsableVerTicketsViewController.swift */,
				2520ACAC1FBA15B000F4F08C /* ResponsableResponderTicketViewController.swift */,
				2520ACB41FBA79E100F4F08C /* ResponsablePerfilViewController.swift */,
				25B8A7EA1FBCA47F004D254C /* ResponsableUsuariosViewController.swift */,
			);
			path = Responsable;
			sourceTree = "<group>";
		};
		256BFD7E1F9176E200D060B4 = {
			isa = PBXGroup;
			children = (
				256BFD891F9176E300D060B4 /* ReBUC Ramses */,
				256BFD9E1F9176E300D060B4 /* ReBUC RamsesTests */,
				256BFDA91F9176E300D060B4 /* ReBUC RamsesUITests */,
				256BFD881F9176E300D060B4 /* Products */,
				25BA712E1F97D53A0023BED8 /* SQLite.xcodeproj */,
				25BA71461F97D5470023BED8 /* Frameworks */,
			);
			sourceTree = "<group>";
		};
		256BFD881F9176E300D060B4 /* Products */ = {
			isa = PBXGroup;
			children = (
				256BFD871F9176E300D060B4 /* ReBUC Ramses.app */,
				256BFD9B1F9176E300D060B4 /* ReBUC RamsesTests.xctest */,
				256BFDA61F9176E300D060B4 /* ReBUC RamsesUITests.xctest */,
			);
			name = Products;
			sourceTree = "<group>";
		};
		256BFD891F9176E300D060B4 /* ReBUC Ramses */ = {
			isa = PBXGroup;
			children = (
				256BFD8A1F9176E300D060B4 /* AppDelegate.swift */,
				25BA714D1F97D7790023BED8 /* InicioDeSesionViewController.swift */,
				25BA714F1F9804570023BED8 /* RegistroViewController.swift */,
				25B8A7F41FBCD05D004D254C /* Administrador */,
				250C19A21FB3CE7A00193057 /* Universitario */,
				250C19AC1FB3D19500193057 /* Responsable */,
				250C19A91FB3CE9800193057 /* Bibliotecario */,
				256BFD8E1F9176E300D060B4 /* Main.storyboard */,
				256BFD911F9176E300D060B4 /* Assets.xcassets */,
				256BFD931F9176E300D060B4 /* LaunchScreen.storyboard */,
				256BFD961F9176E300D060B4 /* Info.plist */,
			);
			path = "ReBUC Ramses";
			sourceTree = "<group>";
		};
		256BFD9E1F9176E300D060B4 /* ReBUC RamsesTests */ = {
			isa = PBXGroup;
			children = (
				256BFD9F1F9176E300D060B4 /* ReBUC_RamsesTests.swift */,
				256BFDA11F9176E300D060B4 /* Info.plist */,
			);
			path = "ReBUC RamsesTests";
			sourceTree = "<group>";
		};
		256BFDA91F9176E300D060B4 /* ReBUC RamsesUITests */ = {
			isa = PBXGroup;
			children = (
				256BFDAA1F9176E300D060B4 /* ReBUC_RamsesUITests.swift */,
				256BFDAC1F9176E300D060B4 /* Info.plist */,
			);
			path = "ReBUC RamsesUITests";
			sourceTree = "<group>";
		};
		25B8A7F41FBCD05D004D254C /* Administrador */ = {
			isa = PBXGroup;
			children = (
				25B8A7F21FBCD04B004D254C /* AdministradorVerTicketsViewController.swift */,
				25B8A7F51FBCD65D004D254C /* AdministradorResponderTicketViewController.swift */,
				25B8A7F71FBD0352004D254C /* AdministradorUsuariosViewController.swift */,
				25B8A7F91FBD0BBE004D254C /* AdministradorPerfilViewController.swift */,
			);
			path = Administrador;
			sourceTree = "<group>";
		};
		25BA712F1F97D53A0023BED8 /* Products */ = {
			isa = PBXGroup;
			children = (
				25BA71391F97D53A0023BED8 /* SQLite.framework */,
				25BA713B1F97D53A0023BED8 /* SQLiteTests iOS.xctest */,
				25BA713D1F97D53A0023BED8 /* SQLite.framework */,
				25BA713F1F97D53A0023BED8 /* SQLiteTests Mac.xctest */,
				25BA71411F97D53A0023BED8 /* SQLite.framework */,
				25BA71431F97D53A0023BED8 /* SQLiteTests tvOS.xctest */,
				25BA71451F97D53A0023BED8 /* SQLite.framework */,
			);
			name = Products;
			sourceTree = "<group>";
		};
		25BA71461F97D5470023BED8 /* Frameworks */ = {
			isa = PBXGroup;
			children = (
			);
			name = Frameworks;
			sourceTree = "<group>";
		};
/* End PBXGroup section */

/* Begin PBXNativeTarget section */
		256BFD861F9176E200D060B4 /* ReBUC Ramses */ = {
			isa = PBXNativeTarget;
			buildConfigurationList = 256BFDAF1F9176E300D060B4 /* Build configuration list for PBXNativeTarget "ReBUC Ramses" */;
			buildPhases = (
				256BFD831F9176E200D060B4 /* Sources */,
				256BFD841F9176E200D060B4 /* Frameworks */,
				256BFD851F9176E200D060B4 /* Resources */,
				25BA714C1F97D54B0023BED8 /* Embed Frameworks */,
			);
			buildRules = (
			);
			dependencies = (
				25BA714B1F97D54B0023BED8 /* PBXTargetDependency */,
			);
			name = "ReBUC Ramses";
			productName = "ReBUC Ramses";
			productReference = 256BFD871F9176E300D060B4 /* ReBUC Ramses.app */;
			productType = "com.apple.product-type.application";
		};
		256BFD9A1F9176E300D060B4 /* ReBUC RamsesTests */ = {
			isa = PBXNativeTarget;
			buildConfigurationList = 256BFDB21F9176E300D060B4 /* Build configuration list for PBXNativeTarget "ReBUC RamsesTests" */;
			buildPhases = (
				256BFD971F9176E300D060B4 /* Sources */,
				256BFD981F9176E300D060B4 /* Frameworks */,
				256BFD991F9176E300D060B4 /* Resources */,
			);
			buildRules = (
			);
			dependencies = (
				256BFD9D1F9176E300D060B4 /* PBXTargetDependency */,
			);
			name = "ReBUC RamsesTests";
			productName = "ReBUC RamsesTests";
			productReference = 256BFD9B1F9176E300D060B4 /* ReBUC RamsesTests.xctest */;
			productType = "com.apple.product-type.bundle.unit-test";
		};
		256BFDA51F9176E300D060B4 /* ReBUC RamsesUITests */ = {
			isa = PBXNativeTarget;
			buildConfigurationList = 256BFDB51F9176E300D060B4 /* Build configuration list for PBXNativeTarget "ReBUC RamsesUITests" */;
			buildPhases = (
				256BFDA21F9176E300D060B4 /* Sources */,
				256BFDA31F9176E300D060B4 /* Frameworks */,
				256BFDA41F9176E300D060B4 /* Resources */,
			);
			buildRules = (
			);
			dependencies = (
				256BFDA81F9176E300D060B4 /* PBXTargetDependency */,
			);
			name = "ReBUC RamsesUITests";
			productName = "ReBUC RamsesUITests";
			productReference = 256BFDA61F9176E300D060B4 /* ReBUC RamsesUITests.xctest */;
			productType = "com.apple.product-type.bundle.ui-testing";
		};
/* End PBXNativeTarget section */

/* Begin PBXProject section */
		256BFD7F1F9176E200D060B4 /* Project object */ = {
			isa = PBXProject;
			attributes = {
				LastSwiftUpdateCheck = 0900;
				LastUpgradeCheck = 0900;
				ORGANIZATIONNAME = "Ramses Miramontes Meza";
				TargetAttributes = {
					256BFD861F9176E200D060B4 = {
						CreatedOnToolsVersion = 9.0;
						ProvisioningStyle = Automatic;
					};
					256BFD9A1F9176E300D060B4 = {
						CreatedOnToolsVersion = 9.0;
						ProvisioningStyle = Automatic;
						TestTargetID = 256BFD861F9176E200D060B4;
					};
					256BFDA51F9176E300D060B4 = {
						CreatedOnToolsVersion = 9.0;
						ProvisioningStyle = Automatic;
						TestTargetID = 256BFD861F9176E200D060B4;
					};
				};
			};
			buildConfigurationList = 256BFD821F9176E200D060B4 /* Build configuration list for PBXProject "ReBUC Ramses" */;
			compatibilityVersion = "Xcode 8.0";
			developmentRegion = en;
			hasScannedForEncodings = 0;
			knownRegions = (
				en,
				Base,
			);
			mainGroup = 256BFD7E1F9176E200D060B4;
			productRefGroup = 256BFD881F9176E300D060B4 /* Products */;
			projectDirPath = "";
			projectReferences = (
				{
					ProductGroup = 25BA712F1F97D53A0023BED8 /* Products */;
					ProjectRef = 25BA712E1F97D53A0023BED8 /* SQLite.xcodeproj */;
				},
			);
			projectRoot = "";
			targets = (
				256BFD861F9176E200D060B4 /* ReBUC Ramses */,
				256BFD9A1F9176E300D060B4 /* ReBUC RamsesTests */,
				256BFDA51F9176E300D060B4 /* ReBUC RamsesUITests */,
			);
		};
/* End PBXProject section */

/* Begin PBXReferenceProxy section */
		25BA71391F97D53A0023BED8 /* SQLite.framework */ = {
			isa = PBXReferenceProxy;
			fileType = wrapper.framework;
			path = SQLite.framework;
			remoteRef = 25BA71381F97D53A0023BED8 /* PBXContainerItemProxy */;
			sourceTree = BUILT_PRODUCTS_DIR;
		};
		25BA713B1F97D53A0023BED8 /* SQLiteTests iOS.xctest */ = {
			isa = PBXReferenceProxy;
			fileType = wrapper.cfbundle;
			path = "SQLiteTests iOS.xctest";
			remoteRef = 25BA713A1F97D53A0023BED8 /* PBXContainerItemProxy */;
			sourceTree = BUILT_PRODUCTS_DIR;
		};
		25BA713D1F97D53A0023BED8 /* SQLite.framework */ = {
			isa = PBXReferenceProxy;
			fileType = wrapper.framework;
			path = SQLite.framework;
			remoteRef = 25BA713C1F97D53A0023BED8 /* PBXContainerItemProxy */;
			sourceTree = BUILT_PRODUCTS_DIR;
		};
		25BA713F1F97D53A0023BED8 /* SQLiteTests Mac.xctest */ = {
			isa = PBXReferenceProxy;
			fileType = wrapper.cfbundle;
			path = "SQLiteTests Mac.xctest";
			remoteRef = 25BA713E1F97D53A0023BED8 /* PBXContainerItemProxy */;
			sourceTree = BUILT_PRODUCTS_DIR;
		};
		25BA71411F97D53A0023BED8 /* SQLite.framework */ = {
			isa = PBXReferenceProxy;
			fileType = wrapper.framework;
			path = SQLite.framework;
			remoteRef = 25BA71401F97D53A0023BED8 /* PBXContainerItemProxy */;
			sourceTree = BUILT_PRODUCTS_DIR;
		};
		25BA71431F97D53A0023BED8 /* SQLiteTests tvOS.xctest */ = {
			isa = PBXReferenceProxy;
			fileType = wrapper.cfbundle;
			path = "SQLiteTests tvOS.xctest";
			remoteRef = 25BA71421F97D53A0023BED8 /* PBXContainerItemProxy */;
			sourceTree = BUILT_PRODUCTS_DIR;
		};
		25BA71451F97D53A0023BED8 /* SQLite.framework */ = {
			isa = PBXReferenceProxy;
			fileType = wrapper.framework;
			path = SQLite.framework;
			remoteRef = 25BA71441F97D53A0023BED8 /* PBXContainerItemProxy */;
			sourceTree = BUILT_PRODUCTS_DIR;
		};
/* End PBXReferenceProxy section */

/* Begin PBXResourcesBuildPhase section */
		256BFD851F9176E200D060B4 /* Resources */ = {
			isa = PBXResourcesBuildPhase;
			buildActionMask = 2147483647;
			files = (
				256BFD951F9176E300D060B4 /* LaunchScreen.storyboard in Resources */,
				256BFD921F9176E300D060B4 /* Assets.xcassets in Resources */,
				256BFD901F9176E300D060B4 /* Main.storyboard in Resources */,
			);
			runOnlyForDeploymentPostprocessing = 0;
		};
		256BFD991F9176E300D060B4 /* Resources */ = {
			isa = PBXResourcesBuildPhase;
			buildActionMask = 2147483647;
			files = (
			);
			runOnlyForDeploymentPostprocessing = 0;
		};
		256BFDA41F9176E300D060B4 /* Resources */ = {
			isa = PBXResourcesBuildPhase;
			buildActionMask = 2147483647;
			files = (
			);
			runOnlyForDeploymentPostprocessing = 0;
		};
/* End PBXResourcesBuildPhase section */

/* Begin PBXSourcesBuildPhase section */
		256BFD831F9176E200D060B4 /* Sources */ = {
			isa = PBXSourcesBuildPhase;
			buildActionMask = 2147483647;
			files = (
				256BFD8B1F9176E300D060B4 /* AppDelegate.swift in Sources */,
				25B8A7F61FBCD65D004D254C /* AdministradorResponderTicketViewController.swift in Sources */,
				253CAB3F1FB136FE00A11B2A /* BibliotecarioPerfilViewController.swift in Sources */,
				257D1F9A1FABFC1200F215B8 /* BibliotecarioResponderTicketViewController.swift in Sources */,
				257D1F901FABE42B00F215B8 /* BibliotecarioVerTicketsViewController.swift in Sources */,
				25B8A7EB1FBCA47F004D254C /* ResponsableUsuariosViewController.swift in Sources */,
				2520ACAD1FBA15B000F4F08C /* ResponsableResponderTicketViewController.swift in Sources */,
				2587E3451F9EA8AD0013328C /* UniverCrearTicketsViewController.swift in Sources */,
				25BA71501F9804570023BED8 /* RegistroViewController.swift in Sources */,
				254B3A061FA8002800B8E965 /* UniverComentarTicketsViewController.swift in Sources */,
				2520ACB51FBA79E100F4F08C /* ResponsablePerfilViewController.swift in Sources */,
				25B8A7F31FBCD04B004D254C /* AdministradorVerTicketsViewController.swift in Sources */,
				250C19AE1FB3D1CB00193057 /* ResponsableVerTicketsViewController.swift in Sources */,
				254B3A031FA7E3B000B8E965 /* UniverVerTicketsViewController.swift in Sources */,
				25B8A7FA1FBD0BBE004D254C /* AdministradorPerfilViewController.swift in Sources */,
				25B8A7F81FBD0352004D254C /* AdministradorUsuariosViewController.swift in Sources */,
				2587E34F1F9EC62E0013328C /* UniverPerfilViewController.swift in Sources */,
				25BA714E1F97D7790023BED8 /* InicioDeSesionViewController.swift in Sources */,
			);
			runOnlyForDeploymentPostprocessing = 0;
		};
		256BFD971F9176E300D060B4 /* Sources */ = {
			isa = PBXSourcesBuildPhase;
			buildActionMask = 2147483647;
			files = (
				256BFDA01F9176E300D060B4 /* ReBUC_RamsesTests.swift in Sources */,
			);
			runOnlyForDeploymentPostprocessing = 0;
		};
		256BFDA21F9176E300D060B4 /* Sources */ = {
			isa = PBXSourcesBuildPhase;
			buildActionMask = 2147483647;
			files = (
				256BFDAB1F9176E300D060B4 /* ReBUC_RamsesUITests.swift in Sources */,
			);
			runOnlyForDeploymentPostprocessing = 0;
		};
/* End PBXSourcesBuildPhase section */

/* Begin PBXTargetDependency section */
		256BFD9D1F9176E300D060B4 /* PBXTargetDependency */ = {
			isa = PBXTargetDependency;
			target = 256BFD861F9176E200D060B4 /* ReBUC Ramses */;
			targetProxy = 256BFD9C1F9176E300D060B4 /* PBXContainerItemProxy */;
		};
		256BFDA81F9176E300D060B4 /* PBXTargetDependency */ = {
			isa = PBXTargetDependency;
			target = 256BFD861F9176E200D060B4 /* ReBUC Ramses */;
			targetProxy = 256BFDA71F9176E300D060B4 /* PBXContainerItemProxy */;
		};
		25BA714B1F97D54B0023BED8 /* PBXTargetDependency */ = {
			isa = PBXTargetDependency;
			name = "SQLite iOS";
			targetProxy = 25BA714A1F97D54B0023BED8 /* PBXContainerItemProxy */;
		};
/* End PBXTargetDependency section */

/* Begin PBXVariantGroup section */
		256BFD8E1F9176E300D060B4 /* Main.storyboard */ = {
			isa = PBXVariantGroup;
			children = (
				256BFD8F1F9176E300D060B4 /* Base */,
			);
			name = Main.storyboard;
			sourceTree = "<group>";
		};
		256BFD931F9176E300D060B4 /* LaunchScreen.storyboard */ = {
			isa = PBXVariantGroup;
			children = (
				256BFD941F9176E300D060B4 /* Base */,
			);
			name = LaunchScreen.storyboard;
			sourceTree = "<group>";
		};
/* End PBXVariantGroup section */

/* Begin XCBuildConfiguration section */
		256BFDAD1F9176E300D060B4 /* Debug */ = {
			isa = XCBuildConfiguration;
			buildSettings = {
				ALWAYS_SEARCH_USER_PATHS = NO;
				CLANG_ANALYZER_NONNULL = YES;
				CLANG_ANALYZER_NUMBER_OBJECT_CONVERSION = YES_AGGRESSIVE;
				CLANG_CXX_LANGUAGE_STANDARD = "gnu++14";
				CLANG_CXX_LIBRARY = "libc++";
				CLANG_ENABLE_MODULES = YES;
				CLANG_ENABLE_OBJC_ARC = YES;
				CLANG_WARN_BLOCK_CAPTURE_AUTORELEASING = YES;
				CLANG_WARN_BOOL_CONVERSION = YES;
				CLANG_WARN_COMMA = YES;
				CLANG_WARN_CONSTANT_CONVERSION = YES;
				CLANG_WARN_DIRECT_OBJC_ISA_USAGE = YES_ERROR;
				CLANG_WARN_DOCUMENTATION_COMMENTS = YES;
				CLANG_WARN_EMPTY_BODY = YES;
				CLANG_WARN_ENUM_CONVERSION = YES;
				CLANG_WARN_INFINITE_RECURSION = YES;
				CLANG_WARN_INT_CONVERSION = YES;
				CLANG_WARN_NON_LITERAL_NULL_CONVERSION = YES;
				CLANG_WARN_OBJC_LITERAL_CONVERSION = YES;
				CLANG_WARN_OBJC_ROOT_CLASS = YES_ERROR;
				CLANG_WARN_RANGE_LOOP_ANALYSIS = YES;
				CLANG_WARN_STRICT_PROTOTYPES = YES;
				CLANG_WARN_SUSPICIOUS_MOVE = YES;
				CLANG_WARN_UNGUARDED_AVAILABILITY = YES_AGGRESSIVE;
				CLANG_WARN_UNREACHABLE_CODE = YES;
				CLANG_WARN__DUPLICATE_METHOD_MATCH = YES;
				CODE_SIGN_IDENTITY = "iPhone Developer";
				COPY_PHASE_STRIP = NO;
				DEBUG_INFORMATION_FORMAT = dwarf;
				ENABLE_STRICT_OBJC_MSGSEND = YES;
				ENABLE_TESTABILITY = YES;
				GCC_C_LANGUAGE_STANDARD = gnu11;
				GCC_DYNAMIC_NO_PIC = NO;
				GCC_NO_COMMON_BLOCKS = YES;
				GCC_OPTIMIZATION_LEVEL = 0;
				GCC_PREPROCESSOR_DEFINITIONS = (
					"DEBUG=1",
					"$(inherited)",
				);
				GCC_WARN_64_TO_32_BIT_CONVERSION = YES;
				GCC_WARN_ABOUT_RETURN_TYPE = YES_ERROR;
				GCC_WARN_UNDECLARED_SELECTOR = YES;
				GCC_WARN_UNINITIALIZED_AUTOS = YES_AGGRESSIVE;
				GCC_WARN_UNUSED_FUNCTION = YES;
				GCC_WARN_UNUSED_VARIABLE = YES;
				IPHONEOS_DEPLOYMENT_TARGET = 11.0;
				MTL_ENABLE_DEBUG_INFO = YES;
				ONLY_ACTIVE_ARCH = YES;
				SDKROOT = iphoneos;
				SWIFT_ACTIVE_COMPILATION_CONDITIONS = DEBUG;
				SWIFT_OPTIMIZATION_LEVEL = "-Onone";
			};
			name = Debug;
		};
		256BFDAE1F9176E300D060B4 /* Release */ = {
			isa = XCBuildConfiguration;
			buildSettings = {
				ALWAYS_SEARCH_USER_PATHS = NO;
				CLANG_ANALYZER_NONNULL = YES;
				CLANG_ANALYZER_NUMBER_OBJECT_CONVERSION = YES_AGGRESSIVE;
				CLANG_CXX_LANGUAGE_STANDARD = "gnu++14";
				CLANG_CXX_LIBRARY = "libc++";
				CLANG_ENABLE_MODULES = YES;
				CLANG_ENABLE_OBJC_ARC = YES;
				CLANG_WARN_BLOCK_CAPTURE_AUTORELEASING = YES;
				CLANG_WARN_BOOL_CONVERSION = YES;
				CLANG_WARN_COMMA = YES;
				CLANG_WARN_CONSTANT_CONVERSION = YES;
				CLANG_WARN_DIRECT_OBJC_ISA_USAGE = YES_ERROR;
				CLANG_WARN_DOCUMENTATION_COMMENTS = YES;
				CLANG_WARN_EMPTY_BODY = YES;
				CLANG_WARN_ENUM_CONVERSION = YES;
				CLANG_WARN_INFINITE_RECURSION = YES;
				CLANG_WARN_INT_CONVERSION = YES;
				CLANG_WARN_NON_LITERAL_NULL_CONVERSION = YES;
				CLANG_WARN_OBJC_LITERAL_CONVERSION = YES;
				CLANG_WARN_OBJC_ROOT_CLASS = YES_ERROR;
				CLANG_WARN_RANGE_LOOP_ANALYSIS = YES;
				CLANG_WARN_STRICT_PROTOTYPES = YES;
				CLANG_WARN_SUSPICIOUS_MOVE = YES;
				CLANG_WARN_UNGUARDED_AVAILABILITY = YES_AGGRESSIVE;
				CLANG_WARN_UNREACHABLE_CODE = YES;
				CLANG_WARN__DUPLICATE_METHOD_MATCH = YES;
				CODE_SIGN_IDENTITY = "iPhone Developer";
				COPY_PHASE_STRIP = NO;
				DEBUG_INFORMATION_FORMAT = "dwarf-with-dsym";
				ENABLE_NS_ASSERTIONS = NO;
				ENABLE_STRICT_OBJC_MSGSEND = YES;
				GCC_C_LANGUAGE_STANDARD = gnu11;
				GCC_NO_COMMON_BLOCKS = YES;
				GCC_WARN_64_TO_32_BIT_CONVERSION = YES;
				GCC_WARN_ABOUT_RETURN_TYPE = YES_ERROR;
				GCC_WARN_UNDECLARED_SELECTOR = YES;
				GCC_WARN_UNINITIALIZED_AUTOS = YES_AGGRESSIVE;
				GCC_WARN_UNUSED_FUNCTION = YES;
				GCC_WARN_UNUSED_VARIABLE = YES;
				IPHONEOS_DEPLOYMENT_TARGET = 11.0;
				MTL_ENABLE_DEBUG_INFO = NO;
				SDKROOT = iphoneos;
				SWIFT_OPTIMIZATION_LEVEL = "-Owholemodule";
				VALIDATE_PRODUCT = YES;
			};
			name = Release;
		};
		256BFDB01F9176E300D060B4 /* Debug */ = {
			isa = XCBuildConfiguration;
			buildSettings = {
				ALWAYS_EMBED_SWIFT_STANDARD_LIBRARIES = YES;
				ASSETCATALOG_COMPILER_APPICON_NAME = AppIcon;
				CODE_SIGN_STYLE = Automatic;
				DEVELOPMENT_TEAM = 6VKPMZ9YA7;
				INFOPLIST_FILE = "ReBUC Ramses/Info.plist";
				LD_RUNPATH_SEARCH_PATHS = "$(inherited) @executable_path/Frameworks";
				PRODUCT_BUNDLE_IDENTIFIER = "com.rasoft.ReBUC-Ramses";
				PRODUCT_NAME = "$(TARGET_NAME)";
				SWIFT_VERSION = 4.0;
				TARGETED_DEVICE_FAMILY = "1,2";
			};
			name = Debug;
		};
		256BFDB11F9176E300D060B4 /* Release */ = {
			isa = XCBuildConfiguration;
			buildSettings = {
				ALWAYS_EMBED_SWIFT_STANDARD_LIBRARIES = YES;
				ASSETCATALOG_COMPILER_APPICON_NAME = AppIcon;
				CODE_SIGN_STYLE = Automatic;
				DEVELOPMENT_TEAM = 6VKPMZ9YA7;
				INFOPLIST_FILE = "ReBUC Ramses/Info.plist";
				LD_RUNPATH_SEARCH_PATHS = "$(inherited) @executable_path/Frameworks";
				PRODUCT_BUNDLE_IDENTIFIER = "com.rasoft.ReBUC-Ramses";
				PRODUCT_NAME = "$(TARGET_NAME)";
				SWIFT_VERSION = 4.0;
				TARGETED_DEVICE_FAMILY = "1,2";
			};
			name = Release;
		};
		256BFDB31F9176E300D060B4 /* Debug */ = {
			isa = XCBuildConfiguration;
			buildSettings = {
				ALWAYS_EMBED_SWIFT_STANDARD_LIBRARIES = YES;
				BUNDLE_LOADER = "$(TEST_HOST)";
				CODE_SIGN_STYLE = Automatic;
				DEVELOPMENT_TEAM = 6VKPMZ9YA7;
				INFOPLIST_FILE = "ReBUC RamsesTests/Info.plist";
				LD_RUNPATH_SEARCH_PATHS = "$(inherited) @executable_path/Frameworks @loader_path/Frameworks";
				PRODUCT_BUNDLE_IDENTIFIER = "com.rasoft.ReBUC-RamsesTests";
				PRODUCT_NAME = "$(TARGET_NAME)";
				SWIFT_VERSION = 4.0;
				TARGETED_DEVICE_FAMILY = "1,2";
				TEST_HOST = "$(BUILT_PRODUCTS_DIR)/ReBUC Ramses.app/ReBUC Ramses";
			};
			name = Debug;
		};
		256BFDB41F9176E300D060B4 /* Release */ = {
			isa = XCBuildConfiguration;
			buildSettings = {
				ALWAYS_EMBED_SWIFT_STANDARD_LIBRARIES = YES;
				BUNDLE_LOADER = "$(TEST_HOST)";
				CODE_SIGN_STYLE = Automatic;
				DEVELOPMENT_TEAM = 6VKPMZ9YA7;
				INFOPLIST_FILE = "ReBUC RamsesTests/Info.plist";
				LD_RUNPATH_SEARCH_PATHS = "$(inherited) @executable_path/Frameworks @loader_path/Frameworks";
				PRODUCT_BUNDLE_IDENTIFIER = "com.rasoft.ReBUC-RamsesTests";
				PRODUCT_NAME = "$(TARGET_NAME)";
				SWIFT_VERSION = 4.0;
				TARGETED_DEVICE_FAMILY = "1,2";
				TEST_HOST = "$(BUILT_PRODUCTS_DIR)/ReBUC Ramses.app/ReBUC Ramses";
			};
			name = Release;
		};
		256BFDB61F9176E300D060B4 /* Debug */ = {
			isa = XCBuildConfiguration;
			buildSettings = {
				ALWAYS_EMBED_SWIFT_STANDARD_LIBRARIES = YES;
				CODE_SIGN_STYLE = Automatic;
				DEVELOPMENT_TEAM = 6VKPMZ9YA7;
				INFOPLIST_FILE = "ReBUC RamsesUITests/Info.plist";
				LD_RUNPATH_SEARCH_PATHS = "$(inherited) @executable_path/Frameworks @loader_path/Frameworks";
				PRODUCT_BUNDLE_IDENTIFIER = "com.rasoft.ReBUC-RamsesUITests";
				PRODUCT_NAME = "$(TARGET_NAME)";
				SWIFT_VERSION = 4.0;
				TARGETED_DEVICE_FAMILY = "1,2";
				TEST_TARGET_NAME = "ReBUC Ramses";
			};
			name = Debug;
		};
		256BFDB71F9176E300D060B4 /* Release */ = {
			isa = XCBuildConfiguration;
			buildSettings = {
				ALWAYS_EMBED_SWIFT_STANDARD_LIBRARIES = YES;
				CODE_SIGN_STYLE = Automatic;
				DEVELOPMENT_TEAM = 6VKPMZ9YA7;
				INFOPLIST_FILE = "ReBUC RamsesUITests/Info.plist";
				LD_RUNPATH_SEARCH_PATHS = "$(inherited) @executable_path/Frameworks @loader_path/Frameworks";
				PRODUCT_BUNDLE_IDENTIFIER = "com.rasoft.ReBUC-RamsesUITests";
				PRODUCT_NAME = "$(TARGET_NAME)";
				SWIFT_VERSION = 4.0;
				TARGETED_DEVICE_FAMILY = "1,2";
				TEST_TARGET_NAME = "ReBUC Ramses";
			};
			name = Release;
		};
/* End XCBuildConfiguration section */

/* Begin XCConfigurationList section */
		256BFD821F9176E200D060B4 /* Build configuration list for PBXProject "ReBUC Ramses" */ = {
			isa = XCConfigurationList;
			buildConfigurations = (
				256BFDAD1F9176E300D060B4 /* Debug */,
				256BFDAE1F9176E300D060B4 /* Release */,
			);
			defaultConfigurationIsVisible = 0;
			defaultConfigurationName = Release;
		};
		256BFDAF1F9176E300D060B4 /* Build configuration list for PBXNativeTarget "ReBUC Ramses" */ = {
			isa = XCConfigurationList;
			buildConfigurations = (
				256BFDB01F9176E300D060B4 /* Debug */,
				256BFDB11F9176E300D060B4 /* Release */,
			);
			defaultConfigurationIsVisible = 0;
			defaultConfigurationName = Release;
		};
		256BFDB21F9176E300D060B4 /* Build configuration list for PBXNativeTarget "ReBUC RamsesTests" */ = {
			isa = XCConfigurationList;
			buildConfigurations = (
				256BFDB31F9176E300D060B4 /* Debug */,
				256BFDB41F9176E300D060B4 /* Release */,
			);
			defaultConfigurationIsVisible = 0;
			defaultConfigurationName = Release;
		};
		256BFDB51F9176E300D060B4 /* Build configuration list for PBXNativeTarget "ReBUC RamsesUITests" */ = {
			isa = XCConfigurationList;
			buildConfigurations = (
				256BFDB61F9176E300D060B4 /* Debug */,
				256BFDB71F9176E300D060B4 /* Release */,
			);
			defaultConfigurationIsVisible = 0;
			defaultConfigurationName = Release;
		};
/* End XCConfigurationList section */
	};
	rootObject = 256BFD7F1F9176E200D060B4 /* Project object */;
}
